
Microsoft Visual Studio Solution File, Format Version 12.00
# Visual Studio 15
VisualStudioVersion = 15.0.28010.2019
MinimumVisualStudioVersion = 10.0.40219.1
Project("{FAE04EC0-301F-11D3-BF4B-00C04F79EFBC}") = "TestsGenerator", "TestsGenerator\TestsGenerator.csproj", "{325712D6-8EBF-4E1F-8334-D41E0CB7970B}"
EndProject
Project("{FAE04EC0-301F-11D3-BF4B-00C04F79EFBC}") = "TestsGeneratorConsole", "TestsGeneratorConsole\TestsGeneratorConsole.csproj", "{0D000EE9-8C54-46A3-AC86-7F874EC73094}"
EndProject
Project("{FAE04EC0-301F-11D3-BF4B-00C04F79EFBC}") = "TestsGeneratorUnitTest", "TestsGeneratorUnitTest\TestsGeneratorUnitTest.csproj", "{13EF8233-E65D-4FA1-A39E-4C56A029EA6B}"
EndProject
Global
	GlobalSection(SolutionConfigurationPlatforms) = preSolution
		Debug|Any CPU = Debug|Any CPU
		Release|Any CPU = Release|Any CPU
	EndGlobalSection
	GlobalSection(ProjectConfigurationPlatforms) = postSolution
		{325712D6-8EBF-4E1F-8334-D41E0CB7970B}.Debug|Any CPU.ActiveCfg = Debug|Any CPU
		{325712D6-8EBF-4E1F-8334-D41E0CB7970B}.Debug|Any CPU.Build.0 = Debug|Any CPU
		{325712D6-8EBF-4E1F-8334-D41E0CB7970B}.Release|Any CPU.ActiveCfg = Release|Any CPU
		{325712D6-8EBF-4E1F-8334-D41E0CB7970B}.Release|Any CPU.Build.0 = Release|Any CPU
		{0D000EE9-8C54-46A3-AC86-7F874EC73094}.Debug|Any CPU.ActiveCfg = Debug|Any CPU
		{0D000EE9-8C54-46A3-AC86-7F874EC73094}.Debug|Any CPU.Build.0 = Debug|Any CPU
		{0D000EE9-8C54-46A3-AC86-7F874EC73094}.Release|Any CPU.ActiveCfg = Release|Any CPU
		{0D000EE9-8C54-46A3-AC86-7F874EC73094}.Release|Any CPU.Build.0 = Release|Any CPU
		{13EF8233-E65D-4FA1-A39E-4C56A029EA6B}.Debug|Any CPU.ActiveCfg = Debug|Any CPU
		{13EF8233-E65D-4FA1-A39E-4C56A029EA6B}.Debug|Any CPU.Build.0 = Debug|Any CPU
		{13EF8233-E65D-4FA1-A39E-4C56A029EA6B}.Release|Any CPU.ActiveCfg = Release|Any CPU
		{13EF8233-E65D-4FA1-A39E-4C56A029EA6B}.Release|Any CPU.Build.0 = Release|Any CPU
	EndGlobalSection
	GlobalSection(SolutionProperties) = preSolution
		HideSolutionNode = FALSE
	EndGlobalSection
	GlobalSection(ExtensibilityGlobals) = postSolution
		SolutionGuid = {729A3557-8C48-412C-BBCB-296F7EE1FA22}
	EndGlobalSection
EndGlobal
